
Microsoft Visual Studio Solution File, Format Version 12.00
# Visual Studio 15
VisualStudioVersion = 15.0.27428.2015
MinimumVisualStudioVersion = 10.0.40219.1
Project("{FAE04EC0-301F-11D3-BF4B-00C04F79EFBC}") = "Labb1DatorGrafik", "Labb1DatorGrafik\Labb1DatorGrafik.csproj", "{58C7166C-2641-484B-9FEF-BB08827992D3}"
EndProject
Project("{FAE04EC0-301F-11D3-BF4B-00C04F79EFBC}") = "Chopper", "Chopper\Chopper.csproj", "{98B782A2-D59D-45CF-9A33-1113E39CD8B0}"
EndProject
Project("{FAE04EC0-301F-11D3-BF4B-00C04F79EFBC}") = "Labb2DatorGrafik", "Labb2DatorGrafik\Labb2DatorGrafik.csproj", "{860361AF-120D-48EB-9FF8-98FF19899835}"
EndProject
Project("{FAE04EC0-301F-11D3-BF4B-00C04F79EFBC}") = "Labb3DatorGrafik", "Labb3DatorGrafik\Labb3DatorGrafik.csproj", "{B245E9EB-A000-4DF3-9E56-05696D045ABF}"
EndProject
Global
	GlobalSection(SolutionConfigurationPlatforms) = preSolution
		Debug|x86 = Debug|x86
		Release|x86 = Release|x86
	EndGlobalSection
	GlobalSection(ProjectConfigurationPlatforms) = postSolution
		{58C7166C-2641-484B-9FEF-BB08827992D3}.Debug|x86.ActiveCfg = Debug|x86
		{58C7166C-2641-484B-9FEF-BB08827992D3}.Debug|x86.Build.0 = Debug|x86
		{58C7166C-2641-484B-9FEF-BB08827992D3}.Release|x86.ActiveCfg = Release|x86
		{58C7166C-2641-484B-9FEF-BB08827992D3}.Release|x86.Build.0 = Release|x86
		{98B782A2-D59D-45CF-9A33-1113E39CD8B0}.Debug|x86.ActiveCfg = Debug|x86
		{98B782A2-D59D-45CF-9A33-1113E39CD8B0}.Debug|x86.Build.0 = Debug|x86
		{98B782A2-D59D-45CF-9A33-1113E39CD8B0}.Release|x86.ActiveCfg = Release|x86
		{98B782A2-D59D-45CF-9A33-1113E39CD8B0}.Release|x86.Build.0 = Release|x86
		{860361AF-120D-48EB-9FF8-98FF19899835}.Debug|x86.ActiveCfg = Debug|x86
		{860361AF-120D-48EB-9FF8-98FF19899835}.Debug|x86.Build.0 = Debug|x86
		{860361AF-120D-48EB-9FF8-98FF19899835}.Release|x86.ActiveCfg = Release|x86
		{860361AF-120D-48EB-9FF8-98FF19899835}.Release|x86.Build.0 = Release|x86
		{B245E9EB-A000-4DF3-9E56-05696D045ABF}.Debug|x86.ActiveCfg = Debug|x86
		{B245E9EB-A000-4DF3-9E56-05696D045ABF}.Debug|x86.Build.0 = Debug|x86
		{B245E9EB-A000-4DF3-9E56-05696D045ABF}.Release|x86.ActiveCfg = Release|x86
		{B245E9EB-A000-4DF3-9E56-05696D045ABF}.Release|x86.Build.0 = Release|x86
	EndGlobalSection
	GlobalSection(SolutionProperties) = preSolution
		HideSolutionNode = FALSE
	EndGlobalSection
	GlobalSection(ExtensibilityGlobals) = postSolution
		SolutionGuid = {1BF326BE-5CE4-4447-94B5-32AB18DCBFF1}
	EndGlobalSection
EndGlobal
